// !$*UTF8*$!
{
	archiveVersion = 1;
	classes = {
	};
	objectVersion = 77;
	objects = {

/* Begin PBXBuildFile section */
		711908902F786B78005D2D6E /* GoogleSignIn in Frameworks */ = {isa = PBXBuildFile; productRef = 7119088F2F786B78005D2D6E /* GoogleSignIn */; };
		711908922F786B78005D2D6E /* GoogleSignInSwift in Frameworks */ = {isa = PBXBuildFile; productRef = 711908912F786B78005D2D6E /* GoogleSignInSwift */; };
		718AE3572F7218C10001597D /* FirebaseAnalytics in Frameworks */ = {isa = PBXBuildFile; productRef = 718AE3562F7218C10001597D /* FirebaseAnalytics */; };
		718AE3592F7218C10001597D /* FirebaseAuth in Frameworks */ = {isa = PBXBuildFile; productRef = 718AE3582F7218C10001597D /* FirebaseAuth */; };
		718AE35B2F7218C10001597D /* FirebaseCore in Frameworks */ = {isa = PBXBuildFile; productRef = 718AE35A2F7218C10001597D /* FirebaseCore */; };
		718AE35D2F7218C10001597D /* FirebaseCrashlytics in Frameworks */ = {isa = PBXBuildFile; productRef = 718AE35C2F7218C10001597D /* FirebaseCrashlytics */; };
		718AE35F2F7218C10001597D /* FirebaseDatabase in Frameworks */ = {isa = PBXBuildFile; productRef = 718AE35E2F7218C10001597D /* FirebaseDatabase */; };
		718AE3612F7218C20001597D /* FirebaseFirestore in Frameworks */ = {isa = PBXBuildFile; productRef = 718AE3602F7218C20001597D /* FirebaseFirestore */; };
/* End PBXBuildFile section */

/* Begin PBXContainerItemProxy section */
		718AE3282F72055A0001597D /* PBXContainerItemProxy */ = {
			isa = PBXContainerItemProxy;
			containerPortal = 718AE3122F7205560001597D /* Project object */;
			proxyType = 1;
			remoteGlobalIDString = 718AE3192F7205560001597D;
			remoteInfo = "iOS-Firebase-Auth-Flow";
		};
		718AE3322F72055A0001597D /* PBXContainerItemProxy */ = {
			isa = PBXContainerItemProxy;
			containerPortal = 718AE3122F7205560001597D /* Project object */;
			proxyType = 1;
			remoteGlobalIDString = 718AE3192F7205560001597D;
			remoteInfo = "iOS-Firebase-Auth-Flow";
		};
/* End PBXContainerItemProxy section */

/* Begin PBXFileReference section */
		718AE31A2F7205560001597D /* iOS-Firebase-Auth-Flow.app */ = {isa = PBXFileReference; explicitFileType = wrapper.application; includeInIndex = 0; path = "iOS-Firebase-Auth-Flow.app"; sourceTree = BUILT_PRODUCTS_DIR; };
		718AE3272F72055A0001597D /* iOS-Firebase-Auth-FlowTests.xctest */ = {isa = PBXFileReference; explicitFileType = wrapper.cfbundle; includeInIndex = 0; path = "iOS-Firebase-Auth-FlowTests.xctest"; sourceTree = BUILT_PRODUCTS_DIR; };
		718AE3312F72055A0001597D /* iOS-Firebase-Auth-FlowUITests.xctest */ = {isa = PBXFileReference; explicitFileType = wrapper.cfbundle; includeInIndex = 0; path = "iOS-Firebase-Auth-FlowUITests.xctest"; sourceTree = BUILT_PRODUCTS_DIR; };
/* End PBXFileReference section */

/* Begin PBXFileSystemSynchronizedRootGroup section */
		718AE31C2F7205560001597D /* iOS-Firebase-Auth-Flow */ = {
			isa = PBXFileSystemSynchronizedRootGroup;
			path = "iOS-Firebase-Auth-Flow";
			sourceTree = "<group>";
		};
		718AE32A2F72055A0001597D /* iOS-Firebase-Auth-FlowTests */ = {
			isa = PBXFileSystemSynchronizedRootGroup;
			path = "iOS-Firebase-Auth-FlowTests";
			sourceTree = "<group>";
		};
		718AE3342F72055A0001597D /* iOS-Firebase-Auth-FlowUITests */ = {
			isa = PBXFileSystemSynchronizedRootGroup;
			path = "iOS-Firebase-Auth-FlowUITests";
			sourceTree = "<group>";
		};
/* End PBXFileSystemSynchronizedRootGroup section */

/* Begin PBXFrameworksBuildPhase section */
		718AE3172F7205560001597D /* Frameworks */ = {
			isa = PBXFrameworksBuildPhase;
			buildActionMask = 2147483647;
			files = (
				718AE35F2F7218C10001597D /* FirebaseDatabase in Frameworks */,
				718AE3572F7218C10001597D /* FirebaseAnalytics in Frameworks */,
				718AE35D2F7218C10001597D /* FirebaseCrashlytics in Frameworks */,
				711908922F786B78005D2D6E /* GoogleSignInSwift in Frameworks */,
				718AE35B2F7218C10001597D /* FirebaseCore in Frameworks */,
				718AE3592F7218C10001597D /* FirebaseAuth in Frameworks */,
				718AE3612F7218C20001597D /* FirebaseFirestore in Frameworks */,
				711908902F786B78005D2D6E /* GoogleSignIn in Frameworks */,
			);
			runOnlyForDeploymentPostprocessing = 0;
		};
		718AE3242F72055A0001597D /* Frameworks */ = {
			isa = PBXFrameworksBuildPhase;
			buildActionMask = 2147483647;
			files = (
			);
			runOnlyForDeploymentPostprocessing = 0;
		};
		718AE32E2F72055A0001597D /* Frameworks */ = {
			isa = PBXFrameworksBuildPhase;
			buildActionMask = 2147483647;
			files = (
			);
			runOnlyForDeploymentPostprocessing = 0;
		};
/* End PBXFrameworksBuildPhase section */

/* Begin PBXGroup section */
		718AE3112F7205560001597D = {
			isa = PBXGroup;
			children = (
				718AE31C2F7205560001597D /* iOS-Firebase-Auth-Flow */,
				718AE32A2F72055A0001597D /* iOS-Firebase-Auth-FlowTests */,
				718AE3342F72055A0001597D /* iOS-Firebase-Auth-FlowUITests */,
				718AE3552F7218C10001597D /* Frameworks */,
				718AE31B2F7205560001597D /* Products */,
			);
			sourceTree = "<group>";
		};
		718AE31B2F7205560001597D /* Products */ = {
			isa = PBXGroup;
			children = (
				718AE31A2F7205560001597D /* iOS-Firebase-Auth-Flow.app */,
				718AE3272F72055A0001597D /* iOS-Firebase-Auth-FlowTests.xctest */,
				718AE3312F72055A0001597D /* iOS-Firebase-Auth-FlowUITests.xctest */,
			);
			name = Products;
			sourceTree = "<group>";
		};
		718AE3552F7218C10001597D /* Frameworks */ = {
			isa = PBXGroup;
			children = (
			);
			name = Frameworks;
			sourceTree = "<group>";
		};
/* End PBXGroup section */

/* Begin PBXNativeTarget section */
		718AE3192F7205560001597D /* iOS-Firebase-Auth-Flow */ = {
			isa = PBXNativeTarget;
			buildConfigurationList = 718AE33B2F72055A0001597D /* Build configuration list for PBXNativeTarget "iOS-Firebase-Auth-Flow" */;
			buildPhases = (
				718AE3162F7205560001597D /* Sources */,
				718AE3172F7205560001597D /* Frameworks */,
				718AE3182F7205560001597D /* Resources */,
			);
			buildRules = (
			);
			dependencies = (
			);
			fileSystemSynchronizedGroups = (
				718AE31C2F7205560001597D /* iOS-Firebase-Auth-Flow */,
			);
			name = "iOS-Firebase-Auth-Flow";
			packageProductDependencies = (
				718AE3562F7218C10001597D /* FirebaseAnalytics */,
				718AE3582F7218C10001597D /* FirebaseAuth */,
				718AE35A2F7218C10001597D /* FirebaseCore */,
				718AE35C2F7218C10001597D /* FirebaseCrashlytics */,
				718AE35E2F7218C10001597D /* FirebaseDatabase */,
				718AE3602F7218C20001597D /* FirebaseFirestore */,
				7119088F2F786B78005D2D6E /* GoogleSignIn */,
				711908912F786B78005D2D6E /* GoogleSignInSwift */,
			);
			productName = "iOS-Firebase-Auth-Flow";
			productReference = 718AE31A2F7205560001597D /* iOS-Firebase-Auth-Flow.app */;
			productType = "com.apple.product-type.application";
		};
		718AE3262F72055A0001597D /* iOS-Firebase-Auth-FlowTests */ = {
			isa = PBXNativeTarget;
			buildConfigurationList = 718AE33E2F72055A0001597D /* Build configuration list for PBXNativeTarget "iOS-Firebase-Auth-FlowTests" */;
			buildPhases = (
				718AE3232F72055A0001597D /* Sources */,
				718AE3242F72055A0001597D /* Frameworks */,
				718AE3252F72055A0001597D /* Resources */,
			);
			buildRules = (
			);
			dependencies = (
				718AE3292F72055A0001597D /* PBXTargetDependency */,
			);
			fileSystemSynchronizedGroups = (
				718AE32A2F72055A0001597D /* iOS-Firebase-Auth-FlowTests */,
			);
			name = "iOS-Firebase-Auth-FlowTests";
			packageProductDependencies = (
			);
			productName = "iOS-Firebase-Auth-FlowTests";
			productReference = 718AE3272F72055A0001597D /* iOS-Firebase-Auth-FlowTests.xctest */;
			productType = "com.apple.product-type.bundle.unit-test";
		};
		718AE3302F72055A0001597D /* iOS-Firebase-Auth-FlowUITests */ = {
			isa = PBXNativeTarget;
			buildConfigurationList = 718AE3412F72055A0001597D /* Build configuration list for PBXNativeTarget "iOS-Firebase-Auth-FlowUITests" */;
			buildPhases = (
				718AE32D2F72055A0001597D /* Sources */,
				718AE32E2F72055A0001597D /* Frameworks */,
				718AE32F2F72055A0001597D /* Resources */,
			);
			buildRules = (
			);
			dependencies = (
				718AE3332F72055A0001597D /* PBXTargetDependency */,
			);
			fileSystemSynchronizedGroups = (
				718AE3342F72055A0001597D /* iOS-Firebase-Auth-FlowUITests */,
			);
			name = "iOS-Firebase-Auth-FlowUITests";
			packageProductDependencies = (
			);
			productName = "iOS-Firebase-Auth-FlowUITests";
			productReference = 718AE3312F72055A0001597D /* iOS-Firebase-Auth-FlowUITests.xctest */;
			productType = "com.apple.product-type.bundle.ui-testing";
		};
/* End PBXNativeTarget section */

/* Begin PBXProject section */
		718AE3122F7205560001597D /* Project object */ = {
			isa = PBXProject;
			attributes = {
				BuildIndependentTargetsInParallel = 1;
				LastSwiftUpdateCheck = 2630;
				LastUpgradeCheck = 2630;
				TargetAttributes = {
					718AE3192F7205560001597D = {
						CreatedOnToolsVersion = 26.3;
					};
					718AE3262F72055A0001597D = {
						CreatedOnToolsVersion = 26.3;
						TestTargetID = 718AE3192F7205560001597D;
					};
					718AE3302F72055A0001597D = {
						CreatedOnToolsVersion = 26.3;
						TestTargetID = 718AE3192F7205560001597D;
					};
				};
			};
			buildConfigurationList = 718AE3152F7205560001597D /* Build configuration list for PBXProject "iOS-Firebase-Auth-Flow" */;
			developmentRegion = en;
			hasScannedForEncodings = 0;
			knownRegions = (
				en,
				Base,
			);
			mainGroup = 718AE3112F7205560001597D;
			minimizedProjectReferenceProxies = 1;
			packageReferences = (
				718AE3522F72172F0001597D /* XCRemoteSwiftPackageReference "firebase-ios-sdk" */,
				7119088E2F786B0D005D2D6E /* XCRemoteSwiftPackageReference "GoogleSignIn-iOS" */,
			);
			preferredProjectObjectVersion = 77;
			productRefGroup = 718AE31B2F7205560001597D /* Products */;
			projectDirPath = "";
			projectRoot = "";
			targets = (
				718AE3192F7205560001597D /* iOS-Firebase-Auth-Flow */,
				718AE3262F72055A0001597D /* iOS-Firebase-Auth-FlowTests */,
				718AE3302F72055A0001597D /* iOS-Firebase-Auth-FlowUITests */,
			);
		};
/* End PBXProject section */

/* Begin PBXResourcesBuildPhase section */
		718AE3182F7205560001597D /* Resources */ = {
			isa = PBXResourcesBuildPhase;
			buildActionMask = 2147483647;
			files = (
			);
			runOnlyForDeploymentPostprocessing = 0;
		};
		718AE3252F72055A0001597D /* Resources */ = {
			isa = PBXResourcesBuildPhase;
			buildActionMask = 2147483647;
			files = (
			);
			runOnlyForDeploymentPostprocessing = 0;
		};
		718AE32F2F72055A0001597D /* Resources */ = {
			isa = PBXResourcesBuildPhase;
			buildActionMask = 2147483647;
			files = (
			);
			runOnlyForDeploymentPostprocessing = 0;
		};
/* End PBXResourcesBuildPhase section */

/* Begin PBXSourcesBuildPhase section */
		718AE3162F7205560001597D /* Sources */ = {
			isa = PBXSourcesBuildPhase;
			buildActionMask = 2147483647;
			files = (
			);
			runOnlyForDeploymentPostprocessing = 0;
		};
		718AE3232F72055A0001597D /* Sources */ = {
			isa = PBXSourcesBuildPhase;
			buildActionMask = 2147483647;
			files = (
			);
			runOnlyForDeploymentPostprocessing = 0;
		};
		718AE32D2F72055A0001597D /* Sources */ = {
			isa = PBXSourcesBuildPhase;
			buildActionMask = 2147483647;
			files = (
			);
			runOnlyForDeploymentPostprocessing = 0;
		};
/* End PBXSourcesBuildPhase section */

/* Begin PBXTargetDependency section */
		718AE3292F72055A0001597D /* PBXTargetDependency */ = {
			isa = PBXTargetDependency;
			target = 718AE3192F7205560001597D /* iOS-Firebase-Auth-Flow */;
			targetProxy = 718AE3282F72055A0001597D /* PBXContainerItemProxy */;
		};
		718AE3332F72055A0001597D /* PBXTargetDependency */ = {
			isa = PBXTargetDependency;
			target = 718AE3192F7205560001597D /* iOS-Firebase-Auth-Flow */;
			targetProxy = 718AE3322F72055A0001597D /* PBXContainerItemProxy */;
		};
/* End PBXTargetDependency section */

/* Begin XCBuildConfiguration section */
		718AE3392F72055A0001597D /* Debug */ = {
			isa = XCBuildConfiguration;
			buildSettings = {
				ALWAYS_SEARCH_USER_PATHS = NO;
				ASSETCATALOG_COMPILER_GENERATE_SWIFT_ASSET_SYMBOL_EXTENSIONS = YES;
				CLANG_ANALYZER_NONNULL = YES;
				CLANG_ANALYZER_NUMBER_OBJECT_CONVERSION = YES_AGGRESSIVE;
				CLANG_CXX_LANGUAGE_STANDARD = "gnu++20";
				CLANG_ENABLE_MODULES = YES;
				CLANG_ENABLE_OBJC_ARC = YES;
				CLANG_ENABLE_OBJC_WEAK = YES;
				CLANG_WARN_BLOCK_CAPTURE_AUTORELEASING = YES;
				CLANG_WARN_BOOL_CONVERSION = YES;
				CLANG_WARN_COMMA = YES;
				CLANG_WARN_CONSTANT_CONVERSION = YES;
				CLANG_WARN_DEPRECATED_OBJC_IMPLEMENTATIONS = YES;
				CLANG_WARN_DIRECT_OBJC_ISA_USAGE = YES_ERROR;
				CLANG_WARN_DOCUMENTATION_COMMENTS = YES;
				CLANG_WARN_EMPTY_BODY = YES;
				CLANG_WARN_ENUM_CONVERSION = YES;
				CLANG_WARN_INFINITE_RECURSION = YES;
				CLANG_WARN_INT_CONVERSION = YES;
				CLANG_WARN_NON_LITERAL_NULL_CONVERSION = YES;
				CLANG_WARN_OBJC_IMPLICIT_RETAIN_SELF = YES;
				CLANG_WARN_OBJC_LITERAL_CONVERSION = YES;
				CLANG_WARN_OBJC_ROOT_CLASS = YES_ERROR;
				CLANG_WARN_QUOTED_INCLUDE_IN_FRAMEWORK_HEADER = YES;
				CLANG_WARN_RANGE_LOOP_ANALYSIS = YES;
				CLANG_WARN_STRICT_PROTOTYPES = YES;
				CLANG_WARN_SUSPICIOUS_MOVE = YES;
				CLANG_WARN_UNGUARDED_AVAILABILITY = YES_AGGRESSIVE;
				CLANG_WARN_UNREACHABLE_CODE = YES;
				CLANG_WARN__DUPLICATE_METHOD_MATCH = YES;
				COPY_PHASE_STRIP = NO;
				DEBUG_INFORMATION_FORMAT = dwarf;
				DEVELOPMENT_TEAM = 3QUDF9CRJ4;
				ENABLE_STRICT_OBJC_MSGSEND = YES;
				ENABLE_TESTABILITY = YES;
				ENABLE_USER_SCRIPT_SANDBOXING = YES;
				GCC_C_LANGUAGE_STANDARD = gnu17;
				GCC_DYNAMIC_NO_PIC = NO;
				GCC_NO_COMMON_BLOCKS = YES;
				GCC_OPTIMIZATION_LEVEL = 0;
				GCC_PREPROCESSOR_DEFINITIONS = (
					"DEBUG=1",
					"$(inherited)",
				);
				GCC_WARN_64_TO_32_BIT_CONVERSION = YES;
				GCC_WARN_ABOUT_RETURN_TYPE = YES_ERROR;
				GCC_WARN_UNDECLARED_SELECTOR = YES;
				GCC_WARN_UNINITIALIZED_AUTOS = YES_AGGRESSIVE;
				GCC_WARN_UNUSED_FUNCTION = YES;
				GCC_WARN_UNUSED_VARIABLE = YES;
				IPHONEOS_DEPLOYMENT_TARGET = 26.2;
				LOCALIZATION_PREFERS_STRING_CATALOGS = YES;
				MTL_ENABLE_DEBUG_INFO = INCLUDE_SOURCE;
				MTL_FAST_MATH = YES;
				ONLY_ACTIVE_ARCH = YES;
				SDKROOT = iphoneos;
				SWIFT_ACTIVE_COMPILATION_CONDITIONS = "DEBUG $(inherited)";
				SWIFT_OPTIMIZATION_LEVEL = "-Onone";
			};
			name = Debug;
		};
		718AE33A2F72055A0001597D /* Release */ = {
			isa = XCBuildConfiguration;
			buildSettings = {
				ALWAYS_SEARCH_USER_PATHS = NO;
				ASSETCATALOG_COMPILER_GENERATE_SWIFT_ASSET_SYMBOL_EXTENSIONS = YES;
				CLANG_ANALYZER_NONNULL = YES;
				CLANG_ANALYZER_NUMBER_OBJECT_CONVERSION = YES_AGGRESSIVE;
				CLANG_CXX_LANGUAGE_STANDARD = "gnu++20";
				CLANG_ENABLE_MODULES = YES;
				CLANG_ENABLE_OBJC_ARC = YES;
				CLANG_ENABLE_OBJC_WEAK = YES;
				CLANG_WARN_BLOCK_CAPTURE_AUTORELEASING = YES;
				CLANG_WARN_BOOL_CONVERSION = YES;
				CLANG_WARN_COMMA = YES;
				CLANG_WARN_CONSTANT_CONVERSION = YES;
				CLANG_WARN_DEPRECATED_OBJC_IMPLEMENTATIONS = YES;
				CLANG_WARN_DIRECT_OBJC_ISA_USAGE = YES_ERROR;
				CLANG_WARN_DOCUMENTATION_COMMENTS = YES;
				CLANG_WARN_EMPTY_BODY = YES;
				CLANG_WARN_ENUM_CONVERSION = YES;
				CLANG_WARN_INFINITE_RECURSION = YES;
				CLANG_WARN_INT_CONVERSION = YES;
				CLANG_WARN_NON_LITERAL_NULL_CONVERSION = YES;
				CLANG_WARN_OBJC_IMPLICIT_RETAIN_SELF = YES;
				CLANG_WARN_OBJC_LITERAL_CONVERSION = YES;
				CLANG_WARN_OBJC_ROOT_CLASS = YES_ERROR;
				CLANG_WARN_QUOTED_INCLUDE_IN_FRAMEWORK_HEADER = YES;
				CLANG_WARN_RANGE_LOOP_ANALYSIS = YES;
				CLANG_WARN_STRICT_PROTOTYPES = YES;
				CLANG_WARN_SUSPICIOUS_MOVE = YES;
				CLANG_WARN_UNGUARDED_AVAILABILITY = YES_AGGRESSIVE;
				CLANG_WARN_UNREACHABLE_CODE = YES;
				CLANG_WARN__DUPLICATE_METHOD_MATCH = YES;
				COPY_PHASE_STRIP = NO;
				DEBUG_INFORMATION_FORMAT = "dwarf-with-dsym";
				DEVELOPMENT_TEAM = 3QUDF9CRJ4;
				ENABLE_NS_ASSERTIONS = NO;
				ENABLE_STRICT_OBJC_MSGSEND = YES;
				ENABLE_USER_SCRIPT_SANDBOXING = YES;
				GCC_C_LANGUAGE_STANDARD = gnu17;
				GCC_NO_COMMON_BLOCKS = YES;
				GCC_WARN_64_TO_32_BIT_CONVERSION = YES;
				GCC_WARN_ABOUT_RETURN_TYPE = YES_ERROR;
				GCC_WARN_UNDECLARED_SELECTOR = YES;
				GCC_WARN_UNINITIALIZED_AUTOS = YES_AGGRESSIVE;
				GCC_WARN_UNUSED_FUNCTION = YES;
				GCC_WARN_UNUSED_VARIABLE = YES;
				IPHONEOS_DEPLOYMENT_TARGET = 26.2;
				LOCALIZATION_PREFERS_STRING_CATALOGS = YES;
				MTL_ENABLE_DEBUG_INFO = NO;
				MTL_FAST_MATH = YES;
				SDKROOT = iphoneos;
				SWIFT_COMPILATION_MODE = wholemodule;
				VALIDATE_PRODUCT = YES;
			};
			name = Release;
		};
		718AE33C2F72055A0001597D /* Debug */ = {
			isa = XCBuildConfiguration;
			buildSettings = {
				ASSETCATALOG_COMPILER_APPICON_NAME = AppIcon;
				ASSETCATALOG_COMPILER_GLOBAL_ACCENT_COLOR_NAME = AccentColor;
				CODE_SIGN_STYLE = Automatic;
				CURRENT_PROJECT_VERSION = 1;
				DEVELOPMENT_TEAM = 3QUDF9CRJ4;
				ENABLE_PREVIEWS = YES;
				GENERATE_INFOPLIST_FILE = YES;
				INFOPLIST_FILE = "iOS-Firebase-Auth-Flow/Info.plist";
				INFOPLIST_KEY_UIApplicationSceneManifest_Generation = YES;
				INFOPLIST_KEY_UIApplicationSupportsIndirectInputEvents = YES;
				INFOPLIST_KEY_UILaunchScreen_Generation = YES;
				INFOPLIST_KEY_UISupportedInterfaceOrientations_iPad = "UIInterfaceOrientationPortrait UIInterfaceOrientationPortraitUpsideDown UIInterfaceOrientationLandscapeLeft UIInterfaceOrientationLandscapeRight";
				INFOPLIST_KEY_UISupportedInterfaceOrientations_iPhone = "UIInterfaceOrientationPortrait UIInterfaceOrientationLandscapeLeft UIInterfaceOrientationLandscapeRight";
				LD_RUNPATH_SEARCH_PATHS = (
					"$(inherited)",
					"@executable_path/Frameworks",
				);
				MARKETING_VERSION = 1.0;
				PRODUCT_BUNDLE_IDENTIFIER = "p.iOS-Firebase-Auth-Flow";
				PRODUCT_NAME = "$(TARGET_NAME)";
				STRING_CATALOG_GENERATE_SYMBOLS = YES;
				SWIFT_APPROACHABLE_CONCURRENCY = YES;
				SWIFT_DEFAULT_ACTOR_ISOLATION = MainActor;
				SWIFT_EMIT_LOC_STRINGS = YES;
				SWIFT_UPCOMING_FEATURE_MEMBER_IMPORT_VISIBILITY = YES;
				SWIFT_VERSION = 5.0;
				TARGETED_DEVICE_FAMILY = "1,2";
			};
			name = Debug;
		};
		718AE33D2F72055A0001597D /* Release */ = {
			isa = XCBuildConfiguration;
			buildSettings = {
				ASSETCATALOG_COMPILER_APPICON_NAME = AppIcon;
				ASSETCATALOG_COMPILER_GLOBAL_ACCENT_COLOR_NAME = AccentColor;
				CODE_SIGN_STYLE = Automatic;
				CURRENT_PROJECT_VERSION = 1;
				DEVELOPMENT_TEAM = 3QUDF9CRJ4;
				ENABLE_PREVIEWS = YES;
				GENERATE_INFOPLIST_FILE = YES;
				INFOPLIST_FILE = "iOS-Firebase-Auth-Flow/Info.plist";
				INFOPLIST_KEY_UIApplicationSceneManifest_Generation = YES;
				INFOPLIST_KEY_UIApplicationSupportsIndirectInputEvents = YES;
				INFOPLIST_KEY_UILaunchScreen_Generation = YES;
				INFOPLIST_KEY_UISupportedInterfaceOrientations_iPad = "UIInterfaceOrientationPortrait UIInterfaceOrientationPortraitUpsideDown UIInterfaceOrientationLandscapeLeft UIInterfaceOrientationLandscapeRight";
				INFOPLIST_KEY_UISupportedInterfaceOrientations_iPhone = "UIInterfaceOrientationPortrait UIInterfaceOrientationLandscapeLeft UIInterfaceOrientationLandscapeRight";
				LD_RUNPATH_SEARCH_PATHS = (
					"$(inherited)",
					"@executable_path/Frameworks",
				);
				MARKETING_VERSION = 1.0;
				PRODUCT_BUNDLE_IDENTIFIER = "p.iOS-Firebase-Auth-Flow";
				PRODUCT_NAME = "$(TARGET_NAME)";
				STRING_CATALOG_GENERATE_SYMBOLS = YES;
				SWIFT_APPROACHABLE_CONCURRENCY = YES;
				SWIFT_DEFAULT_ACTOR_ISOLATION = MainActor;
				SWIFT_EMIT_LOC_STRINGS = YES;
				SWIFT_UPCOMING_FEATURE_MEMBER_IMPORT_VISIBILITY = YES;
				SWIFT_VERSION = 5.0;
				TARGETED_DEVICE_FAMILY = "1,2";
			};
			name = Release;
		};
		718AE33F2F72055A0001597D /* Debug */ = {
			isa = XCBuildConfiguration;
			buildSettings = {
				BUNDLE_LOADER = "$(TEST_HOST)";
				CODE_SIGN_STYLE = Automatic;
				CURRENT_PROJECT_VERSION = 1;
				DEVELOPMENT_TEAM = 3QUDF9CRJ4;
				GENERATE_INFOPLIST_FILE = YES;
				IPHONEOS_DEPLOYMENT_TARGET = 26.2;
				MARKETING_VERSION = 1.0;
				PRODUCT_BUNDLE_IDENTIFIER = "p.iOS-Firebase-Auth-FlowTests";
				PRODUCT_NAME = "$(TARGET_NAME)";
				STRING_CATALOG_GENERATE_SYMBOLS = NO;
				SWIFT_APPROACHABLE_CONCURRENCY = YES;
				SWIFT_EMIT_LOC_STRINGS = NO;
				SWIFT_UPCOMING_FEATURE_MEMBER_IMPORT_VISIBILITY = YES;
				SWIFT_VERSION = 5.0;
				TARGETED_DEVICE_FAMILY = "1,2";
				TEST_HOST = "$(BUILT_PRODUCTS_DIR)/iOS-Firebase-Auth-Flow.app/$(BUNDLE_EXECUTABLE_FOLDER_PATH)/iOS-Firebase-Auth-Flow";
			};
			name = Debug;
		};
		718AE3402F72055A0001597D /* Release */ = {
			isa = XCBuildConfiguration;
			buildSettings = {
				BUNDLE_LOADER = "$(TEST_HOST)";
				CODE_SIGN_STYLE = Automatic;
				CURRENT_PROJECT_VERSION = 1;
				DEVELOPMENT_TEAM = 3QUDF9CRJ4;
				GENERATE_INFOPLIST_FILE = YES;
				IPHONEOS_DEPLOYMENT_TARGET = 26.2;
				MARKETING_VERSION = 1.0;
				PRODUCT_BUNDLE_IDENTIFIER = "p.iOS-Firebase-Auth-FlowTests";
				PRODUCT_NAME = "$(TARGET_NAME)";
				STRING_CATALOG_GENERATE_SYMBOLS = NO;
				SWIFT_APPROACHABLE_CONCURRENCY = YES;
				SWIFT_EMIT_LOC_STRINGS = NO;
				SWIFT_UPCOMING_FEATURE_MEMBER_IMPORT_VISIBILITY = YES;
				SWIFT_VERSION = 5.0;
				TARGETED_DEVICE_FAMILY = "1,2";
				TEST_HOST = "$(BUILT_PRODUCTS_DIR)/iOS-Firebase-Auth-Flow.app/$(BUNDLE_EXECUTABLE_FOLDER_PATH)/iOS-Firebase-Auth-Flow";
			};
			name = Release;
		};
		718AE3422F72055A0001597D /* Debug */ = {
			isa = XCBuildConfiguration;
			buildSettings = {
				CODE_SIGN_STYLE = Automatic;
				CURRENT_PROJECT_VERSION = 1;
				DEVELOPMENT_TEAM = 3QUDF9CRJ4;
				GENERATE_INFOPLIST_FILE = YES;
				MARKETING_VERSION = 1.0;
				PRODUCT_BUNDLE_IDENTIFIER = "p.iOS-Firebase-Auth-FlowUITests";
				PRODUCT_NAME = "$(TARGET_NAME)";
				STRING_CATALOG_GENERATE_SYMBOLS = NO;
				SWIFT_APPROACHABLE_CONCURRENCY = YES;
				SWIFT_EMIT_LOC_STRINGS = NO;
				SWIFT_UPCOMING_FEATURE_MEMBER_IMPORT_VISIBILITY = YES;
				SWIFT_VERSION = 5.0;
				TARGETED_DEVICE_FAMILY = "1,2";
				TEST_TARGET_NAME = "iOS-Firebase-Auth-Flow";
			};
			name = Debug;
		};
		718AE3432F72055A0001597D /* Release */ = {
			isa = XCBuildConfiguration;
			buildSettings = {
				CODE_SIGN_STYLE = Automatic;
				CURRENT_PROJECT_VERSION = 1;
				DEVELOPMENT_TEAM = 3QUDF9CRJ4;
				GENERATE_INFOPLIST_FILE = YES;
				MARKETING_VERSION = 1.0;
				PRODUCT_BUNDLE_IDENTIFIER = "p.iOS-Firebase-Auth-FlowUITests";
				PRODUCT_NAME = "$(TARGET_NAME)";
				STRING_CATALOG_GENERATE_SYMBOLS = NO;
				SWIFT_APPROACHABLE_CONCURRENCY = YES;
				SWIFT_EMIT_LOC_STRINGS = NO;
				SWIFT_UPCOMING_FEATURE_MEMBER_IMPORT_VISIBILITY = YES;
				SWIFT_VERSION = 5.0;
				TARGETED_DEVICE_FAMILY = "1,2";
				TEST_TARGET_NAME = "iOS-Firebase-Auth-Flow";
			};
			name = Release;
		};
/* End XCBuildConfiguration section */

/* Begin XCConfigurationList section */
		718AE3152F7205560001597D /* Build configuration list for PBXProject "iOS-Firebase-Auth-Flow" */ = {
			isa = XCConfigurationList;
			buildConfigurations = (
				718AE3392F72055A0001597D /* Debug */,
				718AE33A2F72055A0001597D /* Release */,
			);
			defaultConfigurationIsVisible = 0;
			defaultConfigurationName = Release;
		};
		718AE33B2F72055A0001597D /* Build configuration list for PBXNativeTarget "iOS-Firebase-Auth-Flow" */ = {
			isa = XCConfigurationList;
			buildConfigurations = (
				718AE33C2F72055A0001597D /* Debug */,
				718AE33D2F72055A0001597D /* Release */,
			);
			defaultConfigurationIsVisible = 0;
			defaultConfigurationName = Release;
		};
		718AE33E2F72055A0001597D /* Build configuration list for PBXNativeTarget "iOS-Firebase-Auth-FlowTests" */ = {
			isa = XCConfigurationList;
			buildConfigurations = (
				718AE33F2F72055A0001597D /* Debug */,
				718AE3402F72055A0001597D /* Release */,
			);
			defaultConfigurationIsVisible = 0;
			defaultConfigurationName = Release;
		};
		718AE3412F72055A0001597D /* Build configuration list for PBXNativeTarget "iOS-Firebase-Auth-FlowUITests" */ = {
			isa = XCConfigurationList;
			buildConfigurations = (
				718AE3422F72055A0001597D /* Debug */,
				718AE3432F72055A0001597D /* Release */,
			);
			defaultConfigurationIsVisible = 0;
			defaultConfigurationName = Release;
		};
/* End XCConfigurationList section */

/* Begin XCRemoteSwiftPackageReference section */
		7119088E2F786B0D005D2D6E /* XCRemoteSwiftPackageReference "GoogleSignIn-iOS" */ = {
			isa = XCRemoteSwiftPackageReference;
			repositoryURL = "https://github.com/google/GoogleSignIn-iOS";
			requirement = {
				kind = upToNextMajorVersion;
				minimumVersion = 9.1.0;
			};
		};
		718AE3522F72172F0001597D /* XCRemoteSwiftPackageReference "firebase-ios-sdk" */ = {
			isa = XCRemoteSwiftPackageReference;
			repositoryURL = "https://github.com/firebase/firebase-ios-sdk";
			requirement = {
				kind = upToNextMajorVersion;
				minimumVersion = 12.11.0;
			};
		};
/* End XCRemoteSwiftPackageReference section */

/* Begin XCSwiftPackageProductDependency section */
		7119088F2F786B78005D2D6E /* GoogleSignIn */ = {
			isa = XCSwiftPackageProductDependency;
			package = 7119088E2F786B0D005D2D6E /* XCRemoteSwiftPackageReference "GoogleSignIn-iOS" */;
			productName = GoogleSignIn;
		};
		711908912F786B78005D2D6E /* GoogleSignInSwift */ = {
			isa = XCSwiftPackageProductDependency;
			package = 7119088E2F786B0D005D2D6E /* XCRemoteSwiftPackageReference "GoogleSignIn-iOS" */;
			productName = GoogleSignInSwift;
		};
		718AE3562F7218C10001597D /* FirebaseAnalytics */ = {
			isa = XCSwiftPackageProductDependency;
			package = 718AE3522F72172F0001597D /* XCRemoteSwiftPackageReference "firebase-ios-sdk" */;
			productName = FirebaseAnalytics;
		};
		718AE3582F7218C10001597D /* FirebaseAuth */ = {
			isa = XCSwiftPackageProductDependency;
			package = 718AE3522F72172F0001597D /* XCRemoteSwiftPackageReference "firebase-ios-sdk" */;
			productName = FirebaseAuth;
		};
		718AE35A2F7218C10001597D /* FirebaseCore */ = {
			isa = XCSwiftPackageProductDependency;
			package = 718AE3522F72172F0001597D /* XCRemoteSwiftPackageReference "firebase-ios-sdk" */;
			productName = FirebaseCore;
		};
		718AE35C2F7218C10001597D /* FirebaseCrashlytics */ = {
			isa = XCSwiftPackageProductDependency;
			package = 718AE3522F72172F0001597D /* XCRemoteSwiftPackageReference "firebase-ios-sdk" */;
			productName = FirebaseCrashlytics;
		};
		718AE35E2F7218C10001597D /* FirebaseDatabase */ = {
			isa = XCSwiftPackageProductDependency;
			package = 718AE3522F72172F0001597D /* XCRemoteSwiftPackageReference "firebase-ios-sdk" */;
			productName = FirebaseDatabase;
		};
		718AE3602F7218C20001597D /* FirebaseFirestore */ = {
			isa = XCSwiftPackageProductDependency;
			package = 718AE3522F72172F0001597D /* XCRemoteSwiftPackageReference "firebase-ios-sdk" */;
			productName = FirebaseFirestore;
		};
/* End XCSwiftPackageProductDependency section */
	};
	rootObject = 718AE3122F7205560001597D /* Project object */;
}
